
Microsoft Visual Studio Solution File, Format Version 12.00
# Visual Studio Version 17
VisualStudioVersion = 17.5.33516.290
MinimumVisualStudioVersion = 10.0.40219.1
Project("{FAE04EC0-301F-11D3-BF4B-00C04F79EFBC}") = "MvcMovie", "MvcMovie\MvcMovie.csproj", "{17712E3B-9EAD-422E-AE7A-DC68313D982C}"
EndProject
Global
	GlobalSection(SolutionConfigurationPlatforms) = preSolution
		Debug|Any CPU = Debug|Any CPU
		Release|Any CPU = Release|Any CPU
	EndGlobalSection
	GlobalSection(ProjectConfigurationPlatforms) = postSolution
		{17712E3B-9EAD-422E-AE7A-DC68313D982C}.Debug|Any CPU.ActiveCfg = Debug|Any CPU
		{17712E3B-9EAD-422E-AE7A-DC68313D982C}.Debug|Any CPU.Build.0 = Debug|Any CPU
		{17712E3B-9EAD-422E-AE7A-DC68313D982C}.Release|Any CPU.ActiveCfg = Release|Any CPU
		{17712E3B-9EAD-422E-AE7A-DC68313D982C}.Release|Any CPU.Build.0 = Release|Any CPU
	EndGlobalSection
	GlobalSection(SolutionProperties) = preSolution
		HideSolutionNode = FALSE
	EndGlobalSection
	GlobalSection(ExtensibilityGlobals) = postSolution
		SolutionGuid = {CC66BB98-FC6B-4AEA-ACD5-D47644900058}
	EndGlobalSection
EndGlobal
